
Microsoft Visual Studio Solution File, Format Version 12.00
# Visual Studio Version 17
VisualStudioVersion = 17.9.34701.34
MinimumVisualStudioVersion = 10.0.40219.1
Project("{2150E333-8FDC-42A3-9474-1A3956D46DE8}") = "Services", "Services", "{E1725836-1308-42EB-A8DE-279642DC9FED}"
EndProject
Project("{2150E333-8FDC-42A3-9474-1A3956D46DE8}") = "Catalog", "Catalog", "{077FB7A0-C726-4C58-8633-CEABD0C54559}"
EndProject
Project("{9A19103F-16F7-4668-BE54-9A1E7A4F7556}") = "MultiShop.Catalog", "Service\Catalog\MultiShop.Catalog\MultiShop.Catalog.csproj", "{C94354D2-0170-42C8-AD75-6080DFDFDC18}"
EndProject
Project("{2150E333-8FDC-42A3-9474-1A3956D46DE8}") = "Discount", "Discount", "{BCABCC83-A95E-4D08-B1C2-EC000FBD9DAA}"
EndProject
Project("{9A19103F-16F7-4668-BE54-9A1E7A4F7556}") = "MultiShop.Discount", "Service\Discount\MultiShop.Discount\MultiShop.Discount.csproj", "{EA150370-9C64-4807-BD0D-FABD0FB2CA23}"
EndProject
Project("{2150E333-8FDC-42A3-9474-1A3956D46DE8}") = "Order", "Order", "{A8591FC5-AC52-47E3-A7D6-01DCA57635B6}"
EndProject
Project("{2150E333-8FDC-42A3-9474-1A3956D46DE8}") = "Core", "Core", "{B13461C4-A71E-4ECC-B3B4-AEB5A1457772}"
EndProject
Project("{2150E333-8FDC-42A3-9474-1A3956D46DE8}") = "Infrastructure", "Infrastructure", "{12FEB501-FF07-4658-8181-16E476995906}"
EndProject
Project("{2150E333-8FDC-42A3-9474-1A3956D46DE8}") = "Presentation", "Presentation", "{2B2BA62E-1B66-4CBA-882B-5ADCF0561E42}"
EndProject
Project("{FAE04EC0-301F-11D3-BF4B-00C04F79EFBC}") = "MultiShop.Order.Domain", "Services\Order\Core\MultiShop.Order.Domain\MultiShop.Order.Domain.csproj", "{F82E0957-8A10-4474-B7E7-2F332F0C535F}"
EndProject
Project("{FAE04EC0-301F-11D3-BF4B-00C04F79EFBC}") = "MultiShop.Order.Application", "Services\Order\Core\MultiShop.Order.Application\MultiShop.Order.Application.csproj", "{E0EB3156-6645-4D7E-90D8-AC7A2C90A502}"
EndProject
Project("{FAE04EC0-301F-11D3-BF4B-00C04F79EFBC}") = "MultiShop.Order.Persistence", "Services\Order\Infrastructure\MultiShop.Order.Persistence\MultiShop.Order.Persistence.csproj", "{A982455D-FF91-4DA3-AB45-18266B6C4296}"
EndProject
Project("{FAE04EC0-301F-11D3-BF4B-00C04F79EFBC}") = "MultiShop.Order.WebAPI", "Services\Order\Presentation\MultiShop.Order.WebAPI\MultiShop.Order.WebAPI.csproj", "{2CABAA21-1E2F-4166-A12E-4AA94C647150}"
EndProject
Global
	GlobalSection(SolutionConfigurationPlatforms) = preSolution
		Debug|Any CPU = Debug|Any CPU
		Release|Any CPU = Release|Any CPU
	EndGlobalSection
	GlobalSection(ProjectConfigurationPlatforms) = postSolution
		{C94354D2-0170-42C8-AD75-6080DFDFDC18}.Debug|Any CPU.ActiveCfg = Debug|Any CPU
		{C94354D2-0170-42C8-AD75-6080DFDFDC18}.Debug|Any CPU.Build.0 = Debug|Any CPU
		{C94354D2-0170-42C8-AD75-6080DFDFDC18}.Release|Any CPU.ActiveCfg = Release|Any CPU
		{C94354D2-0170-42C8-AD75-6080DFDFDC18}.Release|Any CPU.Build.0 = Release|Any CPU
		{EA150370-9C64-4807-BD0D-FABD0FB2CA23}.Debug|Any CPU.ActiveCfg = Debug|Any CPU
		{EA150370-9C64-4807-BD0D-FABD0FB2CA23}.Debug|Any CPU.Build.0 = Debug|Any CPU
		{EA150370-9C64-4807-BD0D-FABD0FB2CA23}.Release|Any CPU.ActiveCfg = Release|Any CPU
		{EA150370-9C64-4807-BD0D-FABD0FB2CA23}.Release|Any CPU.Build.0 = Release|Any CPU
		{F82E0957-8A10-4474-B7E7-2F332F0C535F}.Debug|Any CPU.ActiveCfg = Debug|Any CPU
		{F82E0957-8A10-4474-B7E7-2F332F0C535F}.Debug|Any CPU.Build.0 = Debug|Any CPU
		{F82E0957-8A10-4474-B7E7-2F332F0C535F}.Release|Any CPU.ActiveCfg = Release|Any CPU
		{F82E0957-8A10-4474-B7E7-2F332F0C535F}.Release|Any CPU.Build.0 = Release|Any CPU
		{E0EB3156-6645-4D7E-90D8-AC7A2C90A502}.Debug|Any CPU.ActiveCfg = Debug|Any CPU
		{E0EB3156-6645-4D7E-90D8-AC7A2C90A502}.Debug|Any CPU.Build.0 = Debug|Any CPU
		{E0EB3156-6645-4D7E-90D8-AC7A2C90A502}.Release|Any CPU.ActiveCfg = Release|Any CPU
		{E0EB3156-6645-4D7E-90D8-AC7A2C90A502}.Release|Any CPU.Build.0 = Release|Any CPU
		{A982455D-FF91-4DA3-AB45-18266B6C4296}.Debug|Any CPU.ActiveCfg = Debug|Any CPU
		{A982455D-FF91-4DA3-AB45-18266B6C4296}.Debug|Any CPU.Build.0 = Debug|Any CPU
		{A982455D-FF91-4DA3-AB45-18266B6C4296}.Release|Any CPU.ActiveCfg = Release|Any CPU
		{A982455D-FF91-4DA3-AB45-18266B6C4296}.Release|Any CPU.Build.0 = Release|Any CPU
		{2CABAA21-1E2F-4166-A12E-4AA94C647150}.Debug|Any CPU.ActiveCfg = Debug|Any CPU
		{2CABAA21-1E2F-4166-A12E-4AA94C647150}.Debug|Any CPU.Build.0 = Debug|Any CPU
		{2CABAA21-1E2F-4166-A12E-4AA94C647150}.Release|Any CPU.ActiveCfg = Release|Any CPU
		{2CABAA21-1E2F-4166-A12E-4AA94C647150}.Release|Any CPU.Build.0 = Release|Any CPU
	EndGlobalSection
	GlobalSection(SolutionProperties) = preSolution
		HideSolutionNode = FALSE
	EndGlobalSection
	GlobalSection(NestedProjects) = preSolution
		{077FB7A0-C726-4C58-8633-CEABD0C54559} = {E1725836-1308-42EB-A8DE-279642DC9FED}
		{C94354D2-0170-42C8-AD75-6080DFDFDC18} = {077FB7A0-C726-4C58-8633-CEABD0C54559}
		{BCABCC83-A95E-4D08-B1C2-EC000FBD9DAA} = {E1725836-1308-42EB-A8DE-279642DC9FED}
		{EA150370-9C64-4807-BD0D-FABD0FB2CA23} = {BCABCC83-A95E-4D08-B1C2-EC000FBD9DAA}
		{A8591FC5-AC52-47E3-A7D6-01DCA57635B6} = {E1725836-1308-42EB-A8DE-279642DC9FED}
		{B13461C4-A71E-4ECC-B3B4-AEB5A1457772} = {A8591FC5-AC52-47E3-A7D6-01DCA57635B6}
		{12FEB501-FF07-4658-8181-16E476995906} = {A8591FC5-AC52-47E3-A7D6-01DCA57635B6}
		{2B2BA62E-1B66-4CBA-882B-5ADCF0561E42} = {A8591FC5-AC52-47E3-A7D6-01DCA57635B6}
		{F82E0957-8A10-4474-B7E7-2F332F0C535F} = {B13461C4-A71E-4ECC-B3B4-AEB5A1457772}
		{E0EB3156-6645-4D7E-90D8-AC7A2C90A502} = {B13461C4-A71E-4ECC-B3B4-AEB5A1457772}
		{A982455D-FF91-4DA3-AB45-18266B6C4296} = {12FEB501-FF07-4658-8181-16E476995906}
		{2CABAA21-1E2F-4166-A12E-4AA94C647150} = {2B2BA62E-1B66-4CBA-882B-5ADCF0561E42}
	EndGlobalSection
	GlobalSection(ExtensibilityGlobals) = postSolution
		SolutionGuid = {6F24815C-FC36-408E-94DD-6B2C324182F5}
	EndGlobalSection
EndGlobal
